<?xml version="1.0" encoding="utf-8"?>
<Project ToolsVersion="4.0" xmlns="http://schemas.microsoft.com/developer/msbuild/2003">
  <ItemGroup>
    <Filter Include="Source Files">
      <UniqueIdentifier>{4FC737F1-C7A5-4376-A066-2A32D752A2FF}</UniqueIdentifier>
      <Extensions>cpp;c;cc;cxx;def;odl;idl;hpj;bat;asm;asmx</Extensions>
    </Filter>
    <Filter Include="Header Files">
      <UniqueIdentifier>{93995380-89BD-4b04-88EB-625FBE52EBFB}</UniqueIdentifier>
      <Extensions>h;hh;hpp;hxx;hm;inl;inc;ipp;xsd</Extensions>
    </Filter>
    <Filter Include="Resource Files">
      <UniqueIdentifier>{67DA6AB6-F800-4c08-8B7A-83BB121AAD01}</UniqueIdentifier>
      <Extensions>rc;ico;cur;bmp;dlg;rc2;rct;bin;rgs;gif;jpg;jpeg;jpe;resx;tiff;tif;png;wav;mfcribbon-ms</Extensions>
    </Filter>
    <Filter Include="Mazes">
      <UniqueIdentifier>{a0e22f1d-a8d8-49b1-8420-0f29bd345294}</UniqueIdentifier>
    </Filter>
    <Filter Include="CellularAutomata">
      <UniqueIdentifier>{87267a97-1c8d-4d93-ad79-889b834777a6}</UniqueIdentifier>
    </Filter>
    <Filter Include="AStar">
      <UniqueIdentifier>{14861128-f960-4ccb-a56e-68a3bcd00525}</UniqueIdentifier>
    </Filter>
    <Filter Include="Circle Physics">
      <UniqueIdentifier>{83ae68e2-7c81-43d9-9425-cb337e53e9f0}</UniqueIdentifier>
    </Filter>
  </ItemGroup>
  <ItemGroup>
    <ClInclude Include="ConsoleGameEngine.h">
      <Filter>Header Files</Filter>
    </ClInclude>
    <ClInclude Include="Mazes.h">
      <Filter>Mazes</Filter>
    </ClInclude>
    <ClInclude Include="CellularAutomata.h">
      <Filter>CellularAutomata</Filter>
    </ClInclude>
    <ClInclude Include="AStar.h">
      <Filter>AStar</Filter>
    </ClInclude>
    <ClInclude Include="CirclePhysics.h">
      <Filter>Circle Physics</Filter>
    </ClInclude>
  </ItemGroup>
  <ItemGroup>
    <ClCompile Include="Source.cpp">
      <Filter>Source Files</Filter>
    </ClCompile>
  </ItemGroup>
</Project>